
Microsoft Visual Studio Solution File, Format Version 12.00
# Visual Studio Version 17
VisualStudioVersion = 17.2.32616.157
MinimumVisualStudioVersion = 10.0.40219.1
Project("{FAE04EC0-301F-11D3-BF4B-00C04F79EFBC}") = "Database", "Database\Database.csproj", "{AAC5234F-1873-4695-B91D-1776D62F7045}"
EndProject
Global
	GlobalSection(SolutionConfigurationPlatforms) = preSolution
		Debug|Any CPU = Debug|Any CPU
		Release|Any CPU = Release|Any CPU
	EndGlobalSection
	GlobalSection(ProjectConfigurationPlatforms) = postSolution
		{AAC5234F-1873-4695-B91D-1776D62F7045}.Debug|Any CPU.ActiveCfg = Debug|Any CPU
		{AAC5234F-1873-4695-B91D-1776D62F7045}.Debug|Any CPU.Build.0 = Debug|Any CPU
		{AAC5234F-1873-4695-B91D-1776D62F7045}.Release|Any CPU.ActiveCfg = Release|Any CPU
		{AAC5234F-1873-4695-B91D-1776D62F7045}.Release|Any CPU.Build.0 = Release|Any CPU
	EndGlobalSection
	GlobalSection(SolutionProperties) = preSolution
		HideSolutionNode = FALSE
	EndGlobalSection
	GlobalSection(ExtensibilityGlobals) = postSolution
		SolutionGuid = {0CB4A25C-C06D-4DDB-8A75-0BEE7A395304}
	EndGlobalSection
EndGlobal
